// !$*UTF8*$!
{
	archiveVersion = 1;
	classes = {
	};
	objectVersion = 56;
	objects = {

/* Begin PBXBuildFile section */
		3D126E4C2A5567C0008CD791 /* MainView.swift in Sources */ = {isa = PBXBuildFile; fileRef = 3D126E4B2A5567C0008CD791 /* MainView.swift */; };
		3D126E4E2A5567F6008CD791 /* MainVC.swift in Sources */ = {isa = PBXBuildFile; fileRef = 3D126E4D2A5567F6008CD791 /* MainVC.swift */; };
		3D126E552A5569BD008CD791 /* OnboardingRouter.swift in Sources */ = {isa = PBXBuildFile; fileRef = 3D126E542A5569BD008CD791 /* OnboardingRouter.swift */; };
		3D126E572A556A38008CD791 /* MainRouter.swift in Sources */ = {isa = PBXBuildFile; fileRef = 3D126E562A556A38008CD791 /* MainRouter.swift */; };
		3D126E592A556A85008CD791 /* MainVM.swift in Sources */ = {isa = PBXBuildFile; fileRef = 3D126E582A556A85008CD791 /* MainVM.swift */; };
		3D126E5B2A556B6E008CD791 /* OnboardingBuilder.swift in Sources */ = {isa = PBXBuildFile; fileRef = 3D126E5A2A556B6E008CD791 /* OnboardingBuilder.swift */; };
		3D126E5D2A556D50008CD791 /* ChecklistCategoryOnboardingView.swift in Sources */ = {isa = PBXBuildFile; fileRef = 3D126E5C2A556D50008CD791 /* ChecklistCategoryOnboardingView.swift */; };
		3D126E5F2A556D62008CD791 /* DivideCategoryOnboardingView.swift in Sources */ = {isa = PBXBuildFile; fileRef = 3D126E5E2A556D62008CD791 /* DivideCategoryOnboardingView.swift */; };
		3D126E672A556F2A008CD791 /* SnapKit in Frameworks */ = {isa = PBXBuildFile; productRef = 3D126E662A556F2A008CD791 /* SnapKit */; };
		3D126E692A556FBF008CD791 /* MainBuilder.swift in Sources */ = {isa = PBXBuildFile; fileRef = 3D126E682A556FBF008CD791 /* MainBuilder.swift */; };
		3DD4835B2A531DB3005B94ED /* Assets.xcassets in Resources */ = {isa = PBXBuildFile; fileRef = 3DD4835A2A531DB3005B94ED /* Assets.xcassets */; };
		3DD4835E2A531DB3005B94ED /* Preview Assets.xcassets in Resources */ = {isa = PBXBuildFile; fileRef = 3DD4835D2A531DB3005B94ED /* Preview Assets.xcassets */; };
		3DD483652A531EAC005B94ED /* AppDelegate.swift in Sources */ = {isa = PBXBuildFile; fileRef = 3DD483642A531EAC005B94ED /* AppDelegate.swift */; };
		3DD483682A53206B005B94ED /* AppRouter.swift in Sources */ = {isa = PBXBuildFile; fileRef = 3DD483672A53206B005B94ED /* AppRouter.swift */; };
		3DD4836B2A53223A005B94ED /* OnboardingVC.swift in Sources */ = {isa = PBXBuildFile; fileRef = 3DD4836A2A53223A005B94ED /* OnboardingVC.swift */; };
		3DD4836D2A532284005B94ED /* OnboardingView.swift in Sources */ = {isa = PBXBuildFile; fileRef = 3DD4836C2A532284005B94ED /* OnboardingView.swift */; };
		3DD483702A5323F4005B94ED /* WelcomeOnboardingView.swift in Sources */ = {isa = PBXBuildFile; fileRef = 3DD4836F2A5323F4005B94ED /* WelcomeOnboardingView.swift */; };
		3DD483742A53283F005B94ED /* RootVC.swift in Sources */ = {isa = PBXBuildFile; fileRef = 3DD483732A53283F005B94ED /* RootVC.swift */; };
		3DD483762A532951005B94ED /* OnboardingVM.swift in Sources */ = {isa = PBXBuildFile; fileRef = 3DD483752A532951005B94ED /* OnboardingVM.swift */; };
/* End PBXBuildFile section */

/* Begin PBXFileReference section */
		3D126E4B2A5567C0008CD791 /* MainView.swift */ = {isa = PBXFileReference; lastKnownFileType = sourcecode.swift; path = MainView.swift; sourceTree = "<group>"; };
		3D126E4D2A5567F6008CD791 /* MainVC.swift */ = {isa = PBXFileReference; lastKnownFileType = sourcecode.swift; path = MainVC.swift; sourceTree = "<group>"; };
		3D126E542A5569BD008CD791 /* OnboardingRouter.swift */ = {isa = PBXFileReference; lastKnownFileType = sourcecode.swift; path = OnboardingRouter.swift; sourceTree = "<group>"; };
		3D126E562A556A38008CD791 /* MainRouter.swift */ = {isa = PBXFileReference; lastKnownFileType = sourcecode.swift; path = MainRouter.swift; sourceTree = "<group>"; };
		3D126E582A556A85008CD791 /* MainVM.swift */ = {isa = PBXFileReference; lastKnownFileType = sourcecode.swift; path = MainVM.swift; sourceTree = "<group>"; };
		3D126E5A2A556B6E008CD791 /* OnboardingBuilder.swift */ = {isa = PBXFileReference; lastKnownFileType = sourcecode.swift; path = OnboardingBuilder.swift; sourceTree = "<group>"; };
		3D126E5C2A556D50008CD791 /* ChecklistCategoryOnboardingView.swift */ = {isa = PBXFileReference; lastKnownFileType = sourcecode.swift; path = ChecklistCategoryOnboardingView.swift; sourceTree = "<group>"; };
		3D126E5E2A556D62008CD791 /* DivideCategoryOnboardingView.swift */ = {isa = PBXFileReference; lastKnownFileType = sourcecode.swift; path = DivideCategoryOnboardingView.swift; sourceTree = "<group>"; };
		3D126E682A556FBF008CD791 /* MainBuilder.swift */ = {isa = PBXFileReference; lastKnownFileType = sourcecode.swift; path = MainBuilder.swift; sourceTree = "<group>"; };
		3DD483532A531DB2005B94ED /* InvestTracker.app */ = {isa = PBXFileReference; explicitFileType = wrapper.application; includeInIndex = 0; path = InvestTracker.app; sourceTree = BUILT_PRODUCTS_DIR; };
		3DD4835A2A531DB3005B94ED /* Assets.xcassets */ = {isa = PBXFileReference; lastKnownFileType = folder.assetcatalog; path = Assets.xcassets; sourceTree = "<group>"; };
		3DD4835D2A531DB3005B94ED /* Preview Assets.xcassets */ = {isa = PBXFileReference; lastKnownFileType = folder.assetcatalog; path = "Preview Assets.xcassets"; sourceTree = "<group>"; };
		3DD483642A531EAC005B94ED /* AppDelegate.swift */ = {isa = PBXFileReference; lastKnownFileType = sourcecode.swift; path = AppDelegate.swift; sourceTree = "<group>"; };
		3DD483672A53206B005B94ED /* AppRouter.swift */ = {isa = PBXFileReference; lastKnownFileType = sourcecode.swift; path = AppRouter.swift; sourceTree = "<group>"; };
		3DD4836A2A53223A005B94ED /* OnboardingVC.swift */ = {isa = PBXFileReference; lastKnownFileType = sourcecode.swift; path = OnboardingVC.swift; sourceTree = "<group>"; };
		3DD4836C2A532284005B94ED /* OnboardingView.swift */ = {isa = PBXFileReference; lastKnownFileType = sourcecode.swift; path = OnboardingView.swift; sourceTree = "<group>"; };
		3DD4836F2A5323F4005B94ED /* WelcomeOnboardingView.swift */ = {isa = PBXFileReference; lastKnownFileType = sourcecode.swift; path = WelcomeOnboardingView.swift; sourceTree = "<group>"; };
		3DD483732A53283F005B94ED /* RootVC.swift */ = {isa = PBXFileReference; lastKnownFileType = sourcecode.swift; path = RootVC.swift; sourceTree = "<group>"; };
		3DD483752A532951005B94ED /* OnboardingVM.swift */ = {isa = PBXFileReference; lastKnownFileType = sourcecode.swift; path = OnboardingVM.swift; sourceTree = "<group>"; };
		3DD483772A535050005B94ED /* Info.plist */ = {isa = PBXFileReference; lastKnownFileType = text.plist; path = Info.plist; sourceTree = "<group>"; };
/* End PBXFileReference section */

/* Begin PBXFrameworksBuildPhase section */
		3DD483502A531DB2005B94ED /* Frameworks */ = {
			isa = PBXFrameworksBuildPhase;
			buildActionMask = 2147483647;
			files = (
				3D126E672A556F2A008CD791 /* SnapKit in Frameworks */,
			);
			runOnlyForDeploymentPostprocessing = 0;
		};
/* End PBXFrameworksBuildPhase section */

/* Begin PBXGroup section */
		3D126E4A2A5567A3008CD791 /* Main */ = {
			isa = PBXGroup;
			children = (
				3D126E4B2A5567C0008CD791 /* MainView.swift */,
				3D126E4D2A5567F6008CD791 /* MainVC.swift */,
				3D126E582A556A85008CD791 /* MainVM.swift */,
				3D126E562A556A38008CD791 /* MainRouter.swift */,
				3D126E682A556FBF008CD791 /* MainBuilder.swift */,
			);
			path = Main;
			sourceTree = "<group>";
		};
		3DD4834A2A531DB2005B94ED = {
			isa = PBXGroup;
			children = (
				3DD483552A531DB2005B94ED /* InvestTracker */,
				3DD483542A531DB2005B94ED /* Products */,
			);
			sourceTree = "<group>";
		};
		3DD483542A531DB2005B94ED /* Products */ = {
			isa = PBXGroup;
			children = (
				3DD483532A531DB2005B94ED /* InvestTracker.app */,
			);
			name = Products;
			sourceTree = "<group>";
		};
		3DD483552A531DB2005B94ED /* InvestTracker */ = {
			isa = PBXGroup;
			children = (
				3DD483772A535050005B94ED /* Info.plist */,
				3DD483642A531EAC005B94ED /* AppDelegate.swift */,
				3DD483672A53206B005B94ED /* AppRouter.swift */,
				3DD483662A531F6D005B94ED /* Screens */,
				3DD4835A2A531DB3005B94ED /* Assets.xcassets */,
				3DD4835C2A531DB3005B94ED /* Preview Content */,
			);
			path = InvestTracker;
			sourceTree = "<group>";
		};
		3DD4835C2A531DB3005B94ED /* Preview Content */ = {
			isa = PBXGroup;
			children = (
				3DD4835D2A531DB3005B94ED /* Preview Assets.xcassets */,
			);
			path = "Preview Content";
			sourceTree = "<group>";
		};
		3DD483662A531F6D005B94ED /* Screens */ = {
			isa = PBXGroup;
			children = (
				3DD483722A53280B005B94ED /* Root */,
				3DD483692A532223005B94ED /* Onboarding */,
				3D126E4A2A5567A3008CD791 /* Main */,
			);
			path = Screens;
			sourceTree = "<group>";
		};
		3DD483692A532223005B94ED /* Onboarding */ = {
			isa = PBXGroup;
			children = (
				3DD4836E2A5323D6005B94ED /* Pages */,
				3DD4836C2A532284005B94ED /* OnboardingView.swift */,
				3DD4836A2A53223A005B94ED /* OnboardingVC.swift */,
				3DD483752A532951005B94ED /* OnboardingVM.swift */,
				3D126E542A5569BD008CD791 /* OnboardingRouter.swift */,
				3D126E5A2A556B6E008CD791 /* OnboardingBuilder.swift */,
			);
			path = Onboarding;
			sourceTree = "<group>";
		};
		3DD4836E2A5323D6005B94ED /* Pages */ = {
			isa = PBXGroup;
			children = (
				3DD4836F2A5323F4005B94ED /* WelcomeOnboardingView.swift */,
				3D126E5C2A556D50008CD791 /* ChecklistCategoryOnboardingView.swift */,
				3D126E5E2A556D62008CD791 /* DivideCategoryOnboardingView.swift */,
			);
			path = Pages;
			sourceTree = "<group>";
		};
		3DD483722A53280B005B94ED /* Root */ = {
			isa = PBXGroup;
			children = (
				3DD483732A53283F005B94ED /* RootVC.swift */,
			);
			path = Root;
			sourceTree = "<group>";
		};
/* End PBXGroup section */

/* Begin PBXNativeTarget section */
		3DD483522A531DB2005B94ED /* InvestTracker */ = {
			isa = PBXNativeTarget;
			buildConfigurationList = 3DD483612A531DB3005B94ED /* Build configuration list for PBXNativeTarget "InvestTracker" */;
			buildPhases = (
				3DD4834F2A531DB2005B94ED /* Sources */,
				3DD483502A531DB2005B94ED /* Frameworks */,
				3DD483512A531DB2005B94ED /* Resources */,
			);
			buildRules = (
			);
			dependencies = (
			);
			name = InvestTracker;
			packageProductDependencies = (
				3D126E662A556F2A008CD791 /* SnapKit */,
			);
			productName = InvestTracker;
			productReference = 3DD483532A531DB2005B94ED /* InvestTracker.app */;
			productType = "com.apple.product-type.application";
		};
/* End PBXNativeTarget section */

/* Begin PBXProject section */
		3DD4834B2A531DB2005B94ED /* Project object */ = {
			isa = PBXProject;
			attributes = {
				BuildIndependentTargetsInParallel = 1;
				LastSwiftUpdateCheck = 1430;
				LastUpgradeCheck = 1430;
				TargetAttributes = {
					3DD483522A531DB2005B94ED = {
						CreatedOnToolsVersion = 14.3.1;
					};
				};
			};
			buildConfigurationList = 3DD4834E2A531DB2005B94ED /* Build configuration list for PBXProject "InvestTracker" */;
			compatibilityVersion = "Xcode 14.0";
			developmentRegion = en;
			hasScannedForEncodings = 0;
			knownRegions = (
				en,
				Base,
			);
			mainGroup = 3DD4834A2A531DB2005B94ED;
			packageReferences = (
				3D126E652A556F2A008CD791 /* XCRemoteSwiftPackageReference "SnapKit" */,
			);
			productRefGroup = 3DD483542A531DB2005B94ED /* Products */;
			projectDirPath = "";
			projectRoot = "";
			targets = (
				3DD483522A531DB2005B94ED /* InvestTracker */,
			);
		};
/* End PBXProject section */

/* Begin PBXResourcesBuildPhase section */
		3DD483512A531DB2005B94ED /* Resources */ = {
			isa = PBXResourcesBuildPhase;
			buildActionMask = 2147483647;
			files = (
				3DD4835E2A531DB3005B94ED /* Preview Assets.xcassets in Resources */,
				3DD4835B2A531DB3005B94ED /* Assets.xcassets in Resources */,
			);
			runOnlyForDeploymentPostprocessing = 0;
		};
/* End PBXResourcesBuildPhase section */

/* Begin PBXSourcesBuildPhase section */
		3DD4834F2A531DB2005B94ED /* Sources */ = {
			isa = PBXSourcesBuildPhase;
			buildActionMask = 2147483647;
			files = (
				3D126E5D2A556D50008CD791 /* ChecklistCategoryOnboardingView.swift in Sources */,
				3DD483742A53283F005B94ED /* RootVC.swift in Sources */,
				3D126E4C2A5567C0008CD791 /* MainView.swift in Sources */,
				3DD483682A53206B005B94ED /* AppRouter.swift in Sources */,
				3DD4836D2A532284005B94ED /* OnboardingView.swift in Sources */,
				3D126E5B2A556B6E008CD791 /* OnboardingBuilder.swift in Sources */,
				3D126E5F2A556D62008CD791 /* DivideCategoryOnboardingView.swift in Sources */,
				3D126E4E2A5567F6008CD791 /* MainVC.swift in Sources */,
				3D126E692A556FBF008CD791 /* MainBuilder.swift in Sources */,
				3D126E552A5569BD008CD791 /* OnboardingRouter.swift in Sources */,
				3DD4836B2A53223A005B94ED /* OnboardingVC.swift in Sources */,
				3D126E592A556A85008CD791 /* MainVM.swift in Sources */,
				3DD483702A5323F4005B94ED /* WelcomeOnboardingView.swift in Sources */,
				3DD483762A532951005B94ED /* OnboardingVM.swift in Sources */,
				3D126E572A556A38008CD791 /* MainRouter.swift in Sources */,
				3DD483652A531EAC005B94ED /* AppDelegate.swift in Sources */,
			);
			runOnlyForDeploymentPostprocessing = 0;
		};
/* End PBXSourcesBuildPhase section */

/* Begin XCBuildConfiguration section */
		3DD4835F2A531DB3005B94ED /* Debug */ = {
			isa = XCBuildConfiguration;
			buildSettings = {
				ALWAYS_SEARCH_USER_PATHS = NO;
				CLANG_ANALYZER_NONNULL = YES;
				CLANG_ANALYZER_NUMBER_OBJECT_CONVERSION = YES_AGGRESSIVE;
				CLANG_CXX_LANGUAGE_STANDARD = "gnu++20";
				CLANG_ENABLE_MODULES = YES;
				CLANG_ENABLE_OBJC_ARC = YES;
				CLANG_ENABLE_OBJC_WEAK = YES;
				CLANG_WARN_BLOCK_CAPTURE_AUTORELEASING = YES;
				CLANG_WARN_BOOL_CONVERSION = YES;
				CLANG_WARN_COMMA = YES;
				CLANG_WARN_CONSTANT_CONVERSION = YES;
				CLANG_WARN_DEPRECATED_OBJC_IMPLEMENTATIONS = YES;
				CLANG_WARN_DIRECT_OBJC_ISA_USAGE = YES_ERROR;
				CLANG_WARN_DOCUMENTATION_COMMENTS = YES;
				CLANG_WARN_EMPTY_BODY = YES;
				CLANG_WARN_ENUM_CONVERSION = YES;
				CLANG_WARN_INFINITE_RECURSION = YES;
				CLANG_WARN_INT_CONVERSION = YES;
				CLANG_WARN_NON_LITERAL_NULL_CONVERSION = YES;
				CLANG_WARN_OBJC_IMPLICIT_RETAIN_SELF = YES;
				CLANG_WARN_OBJC_LITERAL_CONVERSION = YES;
				CLANG_WARN_OBJC_ROOT_CLASS = YES_ERROR;
				CLANG_WARN_QUOTED_INCLUDE_IN_FRAMEWORK_HEADER = YES;
				CLANG_WARN_RANGE_LOOP_ANALYSIS = YES;
				CLANG_WARN_STRICT_PROTOTYPES = YES;
				CLANG_WARN_SUSPICIOUS_MOVE = YES;
				CLANG_WARN_UNGUARDED_AVAILABILITY = YES_AGGRESSIVE;
				CLANG_WARN_UNREACHABLE_CODE = YES;
				CLANG_WARN__DUPLICATE_METHOD_MATCH = YES;
				COPY_PHASE_STRIP = NO;
				DEBUG_INFORMATION_FORMAT = dwarf;
				ENABLE_STRICT_OBJC_MSGSEND = YES;
				ENABLE_TESTABILITY = YES;
				GCC_C_LANGUAGE_STANDARD = gnu11;
				GCC_DYNAMIC_NO_PIC = NO;
				GCC_NO_COMMON_BLOCKS = YES;
				GCC_OPTIMIZATION_LEVEL = 0;
				GCC_PREPROCESSOR_DEFINITIONS = (
					"DEBUG=1",
					"$(inherited)",
				);
				GCC_WARN_64_TO_32_BIT_CONVERSION = YES;
				GCC_WARN_ABOUT_RETURN_TYPE = YES_ERROR;
				GCC_WARN_UNDECLARED_SELECTOR = YES;
				GCC_WARN_UNINITIALIZED_AUTOS = YES_AGGRESSIVE;
				GCC_WARN_UNUSED_FUNCTION = YES;
				GCC_WARN_UNUSED_VARIABLE = YES;
				IPHONEOS_DEPLOYMENT_TARGET = 16.4;
				MTL_ENABLE_DEBUG_INFO = INCLUDE_SOURCE;
				MTL_FAST_MATH = YES;
				ONLY_ACTIVE_ARCH = YES;
				SDKROOT = iphoneos;
				SWIFT_ACTIVE_COMPILATION_CONDITIONS = DEBUG;
				SWIFT_OPTIMIZATION_LEVEL = "-Onone";
			};
			name = Debug;
		};
		3DD483602A531DB3005B94ED /* Release */ = {
			isa = XCBuildConfiguration;
			buildSettings = {
				ALWAYS_SEARCH_USER_PATHS = NO;
				CLANG_ANALYZER_NONNULL = YES;
				CLANG_ANALYZER_NUMBER_OBJECT_CONVERSION = YES_AGGRESSIVE;
				CLANG_CXX_LANGUAGE_STANDARD = "gnu++20";
				CLANG_ENABLE_MODULES = YES;
				CLANG_ENABLE_OBJC_ARC = YES;
				CLANG_ENABLE_OBJC_WEAK = YES;
				CLANG_WARN_BLOCK_CAPTURE_AUTORELEASING = YES;
				CLANG_WARN_BOOL_CONVERSION = YES;
				CLANG_WARN_COMMA = YES;
				CLANG_WARN_CONSTANT_CONVERSION = YES;
				CLANG_WARN_DEPRECATED_OBJC_IMPLEMENTATIONS = YES;
				CLANG_WARN_DIRECT_OBJC_ISA_USAGE = YES_ERROR;
				CLANG_WARN_DOCUMENTATION_COMMENTS = YES;
				CLANG_WARN_EMPTY_BODY = YES;
				CLANG_WARN_ENUM_CONVERSION = YES;
				CLANG_WARN_INFINITE_RECURSION = YES;
				CLANG_WARN_INT_CONVERSION = YES;
				CLANG_WARN_NON_LITERAL_NULL_CONVERSION = YES;
				CLANG_WARN_OBJC_IMPLICIT_RETAIN_SELF = YES;
				CLANG_WARN_OBJC_LITERAL_CONVERSION = YES;
				CLANG_WARN_OBJC_ROOT_CLASS = YES_ERROR;
				CLANG_WARN_QUOTED_INCLUDE_IN_FRAMEWORK_HEADER = YES;
				CLANG_WARN_RANGE_LOOP_ANALYSIS = YES;
				CLANG_WARN_STRICT_PROTOTYPES = YES;
				CLANG_WARN_SUSPICIOUS_MOVE = YES;
				CLANG_WARN_UNGUARDED_AVAILABILITY = YES_AGGRESSIVE;
				CLANG_WARN_UNREACHABLE_CODE = YES;
				CLANG_WARN__DUPLICATE_METHOD_MATCH = YES;
				COPY_PHASE_STRIP = NO;
				DEBUG_INFORMATION_FORMAT = "dwarf-with-dsym";
				ENABLE_NS_ASSERTIONS = NO;
				ENABLE_STRICT_OBJC_MSGSEND = YES;
				GCC_C_LANGUAGE_STANDARD = gnu11;
				GCC_NO_COMMON_BLOCKS = YES;
				GCC_WARN_64_TO_32_BIT_CONVERSION = YES;
				GCC_WARN_ABOUT_RETURN_TYPE = YES_ERROR;
				GCC_WARN_UNDECLARED_SELECTOR = YES;
				GCC_WARN_UNINITIALIZED_AUTOS = YES_AGGRESSIVE;
				GCC_WARN_UNUSED_FUNCTION = YES;
				GCC_WARN_UNUSED_VARIABLE = YES;
				IPHONEOS_DEPLOYMENT_TARGET = 16.4;
				MTL_ENABLE_DEBUG_INFO = NO;
				MTL_FAST_MATH = YES;
				SDKROOT = iphoneos;
				SWIFT_COMPILATION_MODE = wholemodule;
				SWIFT_OPTIMIZATION_LEVEL = "-O";
				VALIDATE_PRODUCT = YES;
			};
			name = Release;
		};
		3DD483622A531DB3005B94ED /* Debug */ = {
			isa = XCBuildConfiguration;
			buildSettings = {
				ASSETCATALOG_COMPILER_APPICON_NAME = AppIcon;
				ASSETCATALOG_COMPILER_GLOBAL_ACCENT_COLOR_NAME = AccentColor;
				CODE_SIGN_STYLE = Automatic;
				CURRENT_PROJECT_VERSION = 1;
				DEVELOPMENT_ASSET_PATHS = "\"InvestTracker/Preview Content\"";
				DEVELOPMENT_TEAM = FWG9RF22DL;
				ENABLE_PREVIEWS = YES;
				GENERATE_INFOPLIST_FILE = YES;
				INFOPLIST_FILE = InvestTracker/Info.plist;
				INFOPLIST_KEY_CFBundleDisplayName = InvestTracker;
				INFOPLIST_KEY_LSApplicationCategoryType = "public.app-category.finance";
				INFOPLIST_KEY_UIApplicationSupportsIndirectInputEvents = YES;
				INFOPLIST_KEY_UIRequiresFullScreen = YES;
				INFOPLIST_KEY_UISupportedInterfaceOrientations_iPad = "UIInterfaceOrientationPortrait UIInterfaceOrientationPortraitUpsideDown UIInterfaceOrientationLandscapeLeft UIInterfaceOrientationLandscapeRight";
				INFOPLIST_KEY_UISupportedInterfaceOrientations_iPhone = "UIInterfaceOrientationPortrait UIInterfaceOrientationLandscapeLeft UIInterfaceOrientationLandscapeRight";
				IPHONEOS_DEPLOYMENT_TARGET = 15.0;
				LD_RUNPATH_SEARCH_PATHS = (
					"$(inherited)",
					"@executable_path/Frameworks",
				);
				MARKETING_VERSION = 1.0;
				PRODUCT_BUNDLE_IDENTIFIER = cz.app.InvestTracker;
				PRODUCT_NAME = "$(TARGET_NAME)";
				SUPPORTED_PLATFORMS = "iphoneos iphonesimulator";
				SUPPORTS_MACCATALYST = NO;
				SUPPORTS_MAC_DESIGNED_FOR_IPHONE_IPAD = NO;
				SWIFT_EMIT_LOC_STRINGS = YES;
				SWIFT_VERSION = 5.0;
				TARGETED_DEVICE_FAMILY = "1,2";
			};
			name = Debug;
		};
		3DD483632A531DB3005B94ED /* Release */ = {
			isa = XCBuildConfiguration;
			buildSettings = {
				ASSETCATALOG_COMPILER_APPICON_NAME = AppIcon;
				ASSETCATALOG_COMPILER_GLOBAL_ACCENT_COLOR_NAME = AccentColor;
				CODE_SIGN_STYLE = Automatic;
				CURRENT_PROJECT_VERSION = 1;
				DEVELOPMENT_ASSET_PATHS = "\"InvestTracker/Preview Content\"";
				DEVELOPMENT_TEAM = FWG9RF22DL;
				ENABLE_PREVIEWS = YES;
				GENERATE_INFOPLIST_FILE = YES;
				INFOPLIST_FILE = InvestTracker/Info.plist;
				INFOPLIST_KEY_CFBundleDisplayName = InvestTracker;
				INFOPLIST_KEY_LSApplicationCategoryType = "public.app-category.finance";
				INFOPLIST_KEY_UIApplicationSupportsIndirectInputEvents = YES;
				INFOPLIST_KEY_UIRequiresFullScreen = YES;
				INFOPLIST_KEY_UISupportedInterfaceOrientations_iPad = "UIInterfaceOrientationPortrait UIInterfaceOrientationPortraitUpsideDown UIInterfaceOrientationLandscapeLeft UIInterfaceOrientationLandscapeRight";
				INFOPLIST_KEY_UISupportedInterfaceOrientations_iPhone = "UIInterfaceOrientationPortrait UIInterfaceOrientationLandscapeLeft UIInterfaceOrientationLandscapeRight";
				IPHONEOS_DEPLOYMENT_TARGET = 15.0;
				LD_RUNPATH_SEARCH_PATHS = (
					"$(inherited)",
					"@executable_path/Frameworks",
				);
				MARKETING_VERSION = 1.0;
				PRODUCT_BUNDLE_IDENTIFIER = cz.app.InvestTracker;
				PRODUCT_NAME = "$(TARGET_NAME)";
				SUPPORTED_PLATFORMS = "iphoneos iphonesimulator";
				SUPPORTS_MACCATALYST = NO;
				SUPPORTS_MAC_DESIGNED_FOR_IPHONE_IPAD = NO;
				SWIFT_EMIT_LOC_STRINGS = YES;
				SWIFT_VERSION = 5.0;
				TARGETED_DEVICE_FAMILY = "1,2";
			};
			name = Release;
		};
/* End XCBuildConfiguration section */

/* Begin XCConfigurationList section */
		3DD4834E2A531DB2005B94ED /* Build configuration list for PBXProject "InvestTracker" */ = {
			isa = XCConfigurationList;
			buildConfigurations = (
				3DD4835F2A531DB3005B94ED /* Debug */,
				3DD483602A531DB3005B94ED /* Release */,
			);
			defaultConfigurationIsVisible = 0;
			defaultConfigurationName = Release;
		};
		3DD483612A531DB3005B94ED /* Build configuration list for PBXNativeTarget "InvestTracker" */ = {
			isa = XCConfigurationList;
			buildConfigurations = (
				3DD483622A531DB3005B94ED /* Debug */,
				3DD483632A531DB3005B94ED /* Release */,
			);
			defaultConfigurationIsVisible = 0;
			defaultConfigurationName = Release;
		};
/* End XCConfigurationList section */

/* Begin XCRemoteSwiftPackageReference section */
		3D126E652A556F2A008CD791 /* XCRemoteSwiftPackageReference "SnapKit" */ = {
			isa = XCRemoteSwiftPackageReference;
			repositoryURL = "https://github.com/SnapKit/SnapKit.git";
			requirement = {
				kind = upToNextMajorVersion;
				minimumVersion = 5.0.0;
			};
		};
/* End XCRemoteSwiftPackageReference section */

/* Begin XCSwiftPackageProductDependency section */
		3D126E662A556F2A008CD791 /* SnapKit */ = {
			isa = XCSwiftPackageProductDependency;
			package = 3D126E652A556F2A008CD791 /* XCRemoteSwiftPackageReference "SnapKit" */;
			productName = SnapKit;
		};
/* End XCSwiftPackageProductDependency section */
	};
	rootObject = 3DD4834B2A531DB2005B94ED /* Project object */;
}
